// !$*UTF8*$!
{
	archiveVersion = 1;
	classes = {
	};
	objectVersion = 52;
	objects = {

/* Begin PBXBuildFile section */
		CC26B9D178E49DE53D17D34B /* Pods_LifeGuard.framework in Frameworks */ = {isa = PBXBuildFile; fileRef = 35667B5D6F755F98FA0E7E3B /* Pods_LifeGuard.framework */; };
		FA48669725B785020028804E /* Weather.swift in Sources */ = {isa = PBXBuildFile; fileRef = FA48669625B785020028804E /* Weather.swift */; };
		FA48669C25B79A0E0028804E /* WeatherData.swift in Sources */ = {isa = PBXBuildFile; fileRef = FA48669B25B79A0E0028804E /* WeatherData.swift */; };
		FA4866A125B7A7360028804E /* WeatherModel.swift in Sources */ = {isa = PBXBuildFile; fileRef = FA4866A025B7A7360028804E /* WeatherModel.swift */; };
		FA4866B325BA4C910028804E /* AddItemViewController.swift in Sources */ = {isa = PBXBuildFile; fileRef = FA4866B225BA4C910028804E /* AddItemViewController.swift */; };
		FA4866C625BAE5D10028804E /* CategoryLogbook.swift in Sources */ = {isa = PBXBuildFile; fileRef = FA4866C525BAE5D10028804E /* CategoryLogbook.swift */; };
		FA4866CB25BAE5E00028804E /* ItemLogbook.swift in Sources */ = {isa = PBXBuildFile; fileRef = FA4866CA25BAE5E00028804E /* ItemLogbook.swift */; };
		FA4866DF25BB20C50028804E /* CategoryLogbookTableViewController.swift in Sources */ = {isa = PBXBuildFile; fileRef = FA4866DE25BB20C50028804E /* CategoryLogbookTableViewController.swift */; };
		FA48672125BC70900028804E /* ItemsTableViewController.swift in Sources */ = {isa = PBXBuildFile; fileRef = FA48672025BC70900028804E /* ItemsTableViewController.swift */; };
		FA68098025D218DD0024E38B /* ObjectForm in Frameworks */ = {isa = PBXBuildFile; productRef = FA68097F25D218DD0024E38B /* ObjectForm */; };
		FA68098525D218F30024E38B /* ObjectForm in Resources */ = {isa = PBXBuildFile; fileRef = FA68098425D218F30024E38B /* ObjectForm */; };
		FA6809AA25D21D0E0024E38B /* RescuedData.swift in Sources */ = {isa = PBXBuildFile; fileRef = FA6809A025D21D090024E38B /* RescuedData.swift */; };
		FA6809AB25D21D0E0024E38B /* ViewController.swift in Sources */ = {isa = PBXBuildFile; fileRef = FA6809A325D21D0B0024E38B /* ViewController.swift */; };
		FA6809AC25D21D0E0024E38B /* FromRescuedVC.swift in Sources */ = {isa = PBXBuildFile; fileRef = FA6809A225D21D0A0024E38B /* FromRescuedVC.swift */; };
		FA6809AE25D21D0E0024E38B /* FromAccidentVC.swift in Sources */ = {isa = PBXBuildFile; fileRef = FA6809A125D21D0A0024E38B /* FromAccidentVC.swift */; };
		FA6809AF25D21D0E0024E38B /* AccidentData.swift in Sources */ = {isa = PBXBuildFile; fileRef = FA6809A725D21D0D0024E38B /* AccidentData.swift */; };
		FA6809B025D21D0E0024E38B /* Accident.swift in Sources */ = {isa = PBXBuildFile; fileRef = FA6809A625D21D0C0024E38B /* Accident.swift */; };
		FA6809B125D21D0E0024E38B /* Rescued.swift in Sources */ = {isa = PBXBuildFile; fileRef = FA6809A425D21D0B0024E38B /* Rescued.swift */; };
		FA6809B225D21D0E0024E38B /* LifeGuard.swift in Sources */ = {isa = PBXBuildFile; fileRef = FA6809A525D21D0C0024E38B /* LifeGuard.swift */; };
		FA6809B325D21D0E0024E38B /* LifeGuardData.swift in Sources */ = {isa = PBXBuildFile; fileRef = FA6809A925D21D0E0024E38B /* LifeGuardData.swift */; };
		FA6809D125D2751D0024E38B /* FromLifeGuardVC.swift in Sources */ = {isa = PBXBuildFile; fileRef = FA6809D025D2751D0024E38B /* FromLifeGuardVC.swift */; };
		FA680A0725D321FF0024E38B /* AddIncidentTableViewController.swift in Sources */ = {isa = PBXBuildFile; fileRef = FA680A0625D321FF0024E38B /* AddIncidentTableViewController.swift */; };
		FA8E8CDE25C38A2F005A1BB5 /* IncidentsTableViewController.swift in Sources */ = {isa = PBXBuildFile; fileRef = FA8E8CDD25C38A2F005A1BB5 /* IncidentsTableViewController.swift */; };
		FA8E8CE625C38DD4005A1BB5 /* AddIncidentViewController.swift in Sources */ = {isa = PBXBuildFile; fileRef = FA8E8CE525C38DD4005A1BB5 /* AddIncidentViewController.swift */; };
		FA8E8CEC25C39473005A1BB5 /* NotesTableViewController.swift in Sources */ = {isa = PBXBuildFile; fileRef = FA8E8CEB25C39473005A1BB5 /* NotesTableViewController.swift */; };
		FA8E8CF425C39964005A1BB5 /* AddNote.swift in Sources */ = {isa = PBXBuildFile; fileRef = FA8E8CF325C39964005A1BB5 /* AddNote.swift */; };
		FA8E8CFC25C61F97005A1BB5 /* AddIncident.swift in Sources */ = {isa = PBXBuildFile; fileRef = FA8E8CFB25C61F97005A1BB5 /* AddIncident.swift */; };
		FA8E8D4825C81773005A1BB5 /* ReportTableViewController.swift in Sources */ = {isa = PBXBuildFile; fileRef = FA8E8D4725C81773005A1BB5 /* ReportTableViewController.swift */; };
		FA8E8D5125C89C33005A1BB5 /* FieldTableViewCell.swift in Sources */ = {isa = PBXBuildFile; fileRef = FA8E8D4F25C89C32005A1BB5 /* FieldTableViewCell.swift */; };
		FA8E8D5225C89C33005A1BB5 /* FieldTableViewCell.xib in Resources */ = {isa = PBXBuildFile; fileRef = FA8E8D5025C89C32005A1BB5 /* FieldTableViewCell.xib */; };
		FAC1088625B71D7F000AA2C0 /* AppDelegate.swift in Sources */ = {isa = PBXBuildFile; fileRef = FAC1088525B71D7F000AA2C0 /* AppDelegate.swift */; };
		FAC1088825B71D7F000AA2C0 /* SceneDelegate.swift in Sources */ = {isa = PBXBuildFile; fileRef = FAC1088725B71D7F000AA2C0 /* SceneDelegate.swift */; };
		FAC1088A25B71D7F000AA2C0 /* WeatherViewController.swift in Sources */ = {isa = PBXBuildFile; fileRef = FAC1088925B71D7F000AA2C0 /* WeatherViewController.swift */; };
		FAC1088D25B71D7F000AA2C0 /* Main.storyboard in Resources */ = {isa = PBXBuildFile; fileRef = FAC1088B25B71D7F000AA2C0 /* Main.storyboard */; };
		FAC1088F25B71D85000AA2C0 /* Assets.xcassets in Resources */ = {isa = PBXBuildFile; fileRef = FAC1088E25B71D85000AA2C0 /* Assets.xcassets */; };
		FAC1089225B71D85000AA2C0 /* LaunchScreen.storyboard in Resources */ = {isa = PBXBuildFile; fileRef = FAC1089025B71D85000AA2C0 /* LaunchScreen.storyboard */; };
		FAC1089D25B71D86000AA2C0 /* LifeGuardTests.swift in Sources */ = {isa = PBXBuildFile; fileRef = FAC1089C25B71D86000AA2C0 /* LifeGuardTests.swift */; };
		FAC108A825B71D86000AA2C0 /* LifeGuardUITests.swift in Sources */ = {isa = PBXBuildFile; fileRef = FAC108A725B71D86000AA2C0 /* LifeGuardUITests.swift */; };
		FAE8B94125CB6834009A4737 /* IQKeyboardManagerSwift in Frameworks */ = {isa = PBXBuildFile; productRef = FAE8B94025CB6834009A4737 /* IQKeyboardManagerSwift */; };
		FAE8B95725CC3964009A4737 /* CategoryReportTableViewController.swift in Sources */ = {isa = PBXBuildFile; fileRef = FAE8B95625CC3964009A4737 /* CategoryReportTableViewController.swift */; };
		FAE8B95C25CC398F009A4737 /* AddIncidentReportTableViewController.swift in Sources */ = {isa = PBXBuildFile; fileRef = FAE8B95B25CC398F009A4737 /* AddIncidentReportTableViewController.swift */; };
		FAE8B96125CC39BF009A4737 /* ChoiceTableViewController.swift in Sources */ = {isa = PBXBuildFile; fileRef = FAE8B96025CC39BF009A4737 /* ChoiceTableViewController.swift */; };
/* End PBXBuildFile section */

/* Begin PBXContainerItemProxy section */
		FAC1089925B71D86000AA2C0 /* PBXContainerItemProxy */ = {
			isa = PBXContainerItemProxy;
			containerPortal = FAC1087A25B71D7F000AA2C0 /* Project object */;
			proxyType = 1;
			remoteGlobalIDString = FAC1088125B71D7F000AA2C0;
			remoteInfo = LifeGuard;
		};
		FAC108A425B71D86000AA2C0 /* PBXContainerItemProxy */ = {
			isa = PBXContainerItemProxy;
			containerPortal = FAC1087A25B71D7F000AA2C0 /* Project object */;
			proxyType = 1;
			remoteGlobalIDString = FAC1088125B71D7F000AA2C0;
			remoteInfo = LifeGuard;
		};
/* End PBXContainerItemProxy section */

/* Begin PBXFileReference section */
		1A1626A8E966BCD2388ACEE9 /* Pods-LifeGuard.release.xcconfig */ = {isa = PBXFileReference; includeInIndex = 1; lastKnownFileType = text.xcconfig; name = "Pods-LifeGuard.release.xcconfig"; path = "Target Support Files/Pods-LifeGuard/Pods-LifeGuard.release.xcconfig"; sourceTree = "<group>"; };
		2811A3F7D5D95978158F3621 /* Pods-LifeGuard.debug.xcconfig */ = {isa = PBXFileReference; includeInIndex = 1; lastKnownFileType = text.xcconfig; name = "Pods-LifeGuard.debug.xcconfig"; path = "Target Support Files/Pods-LifeGuard/Pods-LifeGuard.debug.xcconfig"; sourceTree = "<group>"; };
		35667B5D6F755F98FA0E7E3B /* Pods_LifeGuard.framework */ = {isa = PBXFileReference; explicitFileType = wrapper.framework; includeInIndex = 0; path = Pods_LifeGuard.framework; sourceTree = BUILT_PRODUCTS_DIR; };
		FA48669625B785020028804E /* Weather.swift */ = {isa = PBXFileReference; lastKnownFileType = sourcecode.swift; path = Weather.swift; sourceTree = "<group>"; };
		FA48669B25B79A0E0028804E /* WeatherData.swift */ = {isa = PBXFileReference; lastKnownFileType = sourcecode.swift; path = WeatherData.swift; sourceTree = "<group>"; };
		FA4866A025B7A7360028804E /* WeatherModel.swift */ = {isa = PBXFileReference; lastKnownFileType = sourcecode.swift; path = WeatherModel.swift; sourceTree = "<group>"; };
		FA4866B225BA4C910028804E /* AddItemViewController.swift */ = {isa = PBXFileReference; lastKnownFileType = sourcecode.swift; path = AddItemViewController.swift; sourceTree = "<group>"; };
		FA4866C525BAE5D10028804E /* CategoryLogbook.swift */ = {isa = PBXFileReference; lastKnownFileType = sourcecode.swift; path = CategoryLogbook.swift; sourceTree = "<group>"; };
		FA4866CA25BAE5E00028804E /* ItemLogbook.swift */ = {isa = PBXFileReference; lastKnownFileType = sourcecode.swift; path = ItemLogbook.swift; sourceTree = "<group>"; };
		FA4866DE25BB20C50028804E /* CategoryLogbookTableViewController.swift */ = {isa = PBXFileReference; lastKnownFileType = sourcecode.swift; path = CategoryLogbookTableViewController.swift; sourceTree = "<group>"; };
		FA48672025BC70900028804E /* ItemsTableViewController.swift */ = {isa = PBXFileReference; lastKnownFileType = sourcecode.swift; path = ItemsTableViewController.swift; sourceTree = "<group>"; };
		FA68098425D218F30024E38B /* ObjectForm */ = {isa = PBXFileReference; lastKnownFileType = folder; name = ObjectForm; path = "../../../../../../Downloads/ObjectForm-develop/Sources/ObjectForm"; sourceTree = "<group>"; };
		FA6809A025D21D090024E38B /* RescuedData.swift */ = {isa = PBXFileReference; lastKnownFileType = sourcecode.swift; path = RescuedData.swift; sourceTree = "<group>"; };
		FA6809A125D21D0A0024E38B /* FromAccidentVC.swift */ = {isa = PBXFileReference; lastKnownFileType = sourcecode.swift; path = FromAccidentVC.swift; sourceTree = "<group>"; };
		FA6809A225D21D0A0024E38B /* FromRescuedVC.swift */ = {isa = PBXFileReference; lastKnownFileType = sourcecode.swift; path = FromRescuedVC.swift; sourceTree = "<group>"; };
		FA6809A325D21D0B0024E38B /* ViewController.swift */ = {isa = PBXFileReference; lastKnownFileType = sourcecode.swift; path = ViewController.swift; sourceTree = "<group>"; };
		FA6809A425D21D0B0024E38B /* Rescued.swift */ = {isa = PBXFileReference; lastKnownFileType = sourcecode.swift; path = Rescued.swift; sourceTree = "<group>"; };
		FA6809A525D21D0C0024E38B /* LifeGuard.swift */ = {isa = PBXFileReference; lastKnownFileType = sourcecode.swift; path = LifeGuard.swift; sourceTree = "<group>"; };
		FA6809A625D21D0C0024E38B /* Accident.swift */ = {isa = PBXFileReference; lastKnownFileType = sourcecode.swift; path = Accident.swift; sourceTree = "<group>"; };
		FA6809A725D21D0D0024E38B /* AccidentData.swift */ = {isa = PBXFileReference; lastKnownFileType = sourcecode.swift; path = AccidentData.swift; sourceTree = "<group>"; };
		FA6809A925D21D0E0024E38B /* LifeGuardData.swift */ = {isa = PBXFileReference; lastKnownFileType = sourcecode.swift; path = LifeGuardData.swift; sourceTree = "<group>"; };
		FA6809D025D2751D0024E38B /* FromLifeGuardVC.swift */ = {isa = PBXFileReference; lastKnownFileType = sourcecode.swift; path = FromLifeGuardVC.swift; sourceTree = "<group>"; };
		FA680A0625D321FF0024E38B /* AddIncidentTableViewController.swift */ = {isa = PBXFileReference; lastKnownFileType = sourcecode.swift; path = AddIncidentTableViewController.swift; sourceTree = "<group>"; };
		FA8E8CDD25C38A2F005A1BB5 /* IncidentsTableViewController.swift */ = {isa = PBXFileReference; lastKnownFileType = sourcecode.swift; path = IncidentsTableViewController.swift; sourceTree = "<group>"; };
		FA8E8CE525C38DD4005A1BB5 /* AddIncidentViewController.swift */ = {isa = PBXFileReference; lastKnownFileType = sourcecode.swift; path = AddIncidentViewController.swift; sourceTree = "<group>"; };
		FA8E8CEB25C39473005A1BB5 /* NotesTableViewController.swift */ = {isa = PBXFileReference; lastKnownFileType = sourcecode.swift; path = NotesTableViewController.swift; sourceTree = "<group>"; };
		FA8E8CF325C39964005A1BB5 /* AddNote.swift */ = {isa = PBXFileReference; lastKnownFileType = sourcecode.swift; path = AddNote.swift; sourceTree = "<group>"; };
		FA8E8CFB25C61F97005A1BB5 /* AddIncident.swift */ = {isa = PBXFileReference; lastKnownFileType = sourcecode.swift; path = AddIncident.swift; sourceTree = "<group>"; };
		FA8E8D4725C81773005A1BB5 /* ReportTableViewController.swift */ = {isa = PBXFileReference; lastKnownFileType = sourcecode.swift; path = ReportTableViewController.swift; sourceTree = "<group>"; };
		FA8E8D4F25C89C32005A1BB5 /* FieldTableViewCell.swift */ = {isa = PBXFileReference; lastKnownFileType = sourcecode.swift; path = FieldTableViewCell.swift; sourceTree = "<group>"; };
		FA8E8D5025C89C32005A1BB5 /* FieldTableViewCell.xib */ = {isa = PBXFileReference; lastKnownFileType = file.xib; path = FieldTableViewCell.xib; sourceTree = "<group>"; };
		FAC1088225B71D7F000AA2C0 /* LifeGuard.app */ = {isa = PBXFileReference; explicitFileType = wrapper.application; includeInIndex = 0; path = LifeGuard.app; sourceTree = BUILT_PRODUCTS_DIR; };
		FAC1088525B71D7F000AA2C0 /* AppDelegate.swift */ = {isa = PBXFileReference; lastKnownFileType = sourcecode.swift; path = AppDelegate.swift; sourceTree = "<group>"; };
		FAC1088725B71D7F000AA2C0 /* SceneDelegate.swift */ = {isa = PBXFileReference; lastKnownFileType = sourcecode.swift; path = SceneDelegate.swift; sourceTree = "<group>"; };
		FAC1088925B71D7F000AA2C0 /* WeatherViewController.swift */ = {isa = PBXFileReference; lastKnownFileType = sourcecode.swift; path = WeatherViewController.swift; sourceTree = "<group>"; };
		FAC1088C25B71D7F000AA2C0 /* Base */ = {isa = PBXFileReference; lastKnownFileType = file.storyboard; name = Base; path = Base.lproj/Main.storyboard; sourceTree = "<group>"; };
		FAC1088E25B71D85000AA2C0 /* Assets.xcassets */ = {isa = PBXFileReference; lastKnownFileType = folder.assetcatalog; path = Assets.xcassets; sourceTree = "<group>"; };
		FAC1089125B71D85000AA2C0 /* Base */ = {isa = PBXFileReference; lastKnownFileType = file.storyboard; name = Base; path = Base.lproj/LaunchScreen.storyboard; sourceTree = "<group>"; };
		FAC1089325B71D85000AA2C0 /* Info.plist */ = {isa = PBXFileReference; lastKnownFileType = text.plist.xml; path = Info.plist; sourceTree = "<group>"; };
		FAC1089825B71D86000AA2C0 /* LifeGuardTests.xctest */ = {isa = PBXFileReference; explicitFileType = wrapper.cfbundle; includeInIndex = 0; path = LifeGuardTests.xctest; sourceTree = BUILT_PRODUCTS_DIR; };
		FAC1089C25B71D86000AA2C0 /* LifeGuardTests.swift */ = {isa = PBXFileReference; lastKnownFileType = sourcecode.swift; path = LifeGuardTests.swift; sourceTree = "<group>"; };
		FAC1089E25B71D86000AA2C0 /* Info.plist */ = {isa = PBXFileReference; lastKnownFileType = text.plist.xml; path = Info.plist; sourceTree = "<group>"; };
		FAC108A325B71D86000AA2C0 /* LifeGuardUITests.xctest */ = {isa = PBXFileReference; explicitFileType = wrapper.cfbundle; includeInIndex = 0; path = LifeGuardUITests.xctest; sourceTree = BUILT_PRODUCTS_DIR; };
		FAC108A725B71D86000AA2C0 /* LifeGuardUITests.swift */ = {isa = PBXFileReference; lastKnownFileType = sourcecode.swift; path = LifeGuardUITests.swift; sourceTree = "<group>"; };
		FAC108A925B71D86000AA2C0 /* Info.plist */ = {isa = PBXFileReference; lastKnownFileType = text.plist.xml; path = Info.plist; sourceTree = "<group>"; };
		FAE8B95625CC3964009A4737 /* CategoryReportTableViewController.swift */ = {isa = PBXFileReference; lastKnownFileType = sourcecode.swift; path = CategoryReportTableViewController.swift; sourceTree = "<group>"; };
		FAE8B95B25CC398F009A4737 /* AddIncidentReportTableViewController.swift */ = {isa = PBXFileReference; lastKnownFileType = sourcecode.swift; path = AddIncidentReportTableViewController.swift; sourceTree = "<group>"; };
		FAE8B96025CC39BF009A4737 /* ChoiceTableViewController.swift */ = {isa = PBXFileReference; lastKnownFileType = sourcecode.swift; path = ChoiceTableViewController.swift; sourceTree = "<group>"; };
/* End PBXFileReference section */

/* Begin PBXFrameworksBuildPhase section */
		FAC1087F25B71D7F000AA2C0 /* Frameworks */ = {
			isa = PBXFrameworksBuildPhase;
			buildActionMask = 2147483647;
			files = (
				CC26B9D178E49DE53D17D34B /* Pods_LifeGuard.framework in Frameworks */,
				FA68098025D218DD0024E38B /* ObjectForm in Frameworks */,
				FAE8B94125CB6834009A4737 /* IQKeyboardManagerSwift in Frameworks */,
			);
			runOnlyForDeploymentPostprocessing = 0;
		};
		FAC1089525B71D86000AA2C0 /* Frameworks */ = {
			isa = PBXFrameworksBuildPhase;
			buildActionMask = 2147483647;
			files = (
			);
			runOnlyForDeploymentPostprocessing = 0;
		};
		FAC108A025B71D86000AA2C0 /* Frameworks */ = {
			isa = PBXFrameworksBuildPhase;
			buildActionMask = 2147483647;
			files = (
			);
			runOnlyForDeploymentPostprocessing = 0;
		};
/* End PBXFrameworksBuildPhase section */

/* Begin PBXGroup section */
		348E448161CF1B71ECC8CE3C /* Pods */ = {
			isa = PBXGroup;
			children = (
				2811A3F7D5D95978158F3621 /* Pods-LifeGuard.debug.xcconfig */,
				1A1626A8E966BCD2388ACEE9 /* Pods-LifeGuard.release.xcconfig */,
			);
			path = Pods;
			sourceTree = "<group>";
		};
		FA48669225B784500028804E /* Weather */ = {
			isa = PBXGroup;
			children = (
				FAC1088925B71D7F000AA2C0 /* WeatherViewController.swift */,
				FA48669625B785020028804E /* Weather.swift */,
				FA48669B25B79A0E0028804E /* WeatherData.swift */,
				FA4866A025B7A7360028804E /* WeatherModel.swift */,
			);
			path = Weather;
			sourceTree = "<group>";
		};
		FA4866AB25BA2D3A0028804E /* Logbook */ = {
			isa = PBXGroup;
			children = (
				FA4866DE25BB20C50028804E /* CategoryLogbookTableViewController.swift */,
				FA48672025BC70900028804E /* ItemsTableViewController.swift */,
				FA4866B225BA4C910028804E /* AddItemViewController.swift */,
			);
			path = Logbook;
			sourceTree = "<group>";
		};
		FA4866C425BAE5770028804E /* Data Model */ = {
			isa = PBXGroup;
			children = (
				FA4866C525BAE5D10028804E /* CategoryLogbook.swift */,
				FA4866CA25BAE5E00028804E /* ItemLogbook.swift */,
				FA8E8CF325C39964005A1BB5 /* AddNote.swift */,
				FA8E8CFB25C61F97005A1BB5 /* AddIncident.swift */,
			);
			path = "Data Model";
			sourceTree = "<group>";
		};
		FA48671425BB2FCF0028804E /* Frameworks */ = {
			isa = PBXGroup;
			children = (
				35667B5D6F755F98FA0E7E3B /* Pods_LifeGuard.framework */,
			);
			name = Frameworks;
			sourceTree = "<group>";
		};
		FA48672525BC880B0028804E /* Views */ = {
			isa = PBXGroup;
			children = (
				FAC1088B25B71D7F000AA2C0 /* Main.storyboard */,
				FAC1089025B71D85000AA2C0 /* LaunchScreen.storyboard */,
			);
			path = Views;
			sourceTree = "<group>";
		};
		FA68097D25D218450024E38B /* x */ = {
			isa = PBXGroup;
			children = (
				FAE8B95B25CC398F009A4737 /* AddIncidentReportTableViewController.swift */,
				FAE8B96025CC39BF009A4737 /* ChoiceTableViewController.swift */,
			);
			path = x;
			sourceTree = "<group>";
		};
		FA8E8CDC25C38A06005A1BB5 /* Incidents */ = {
			isa = PBXGroup;
			children = (
				FA8E8CDD25C38A2F005A1BB5 /* IncidentsTableViewController.swift */,
				FA8E8CE525C38DD4005A1BB5 /* AddIncidentViewController.swift */,
				FA680A0625D321FF0024E38B /* AddIncidentTableViewController.swift */,
			);
			path = Incidents;
			sourceTree = "<group>";
		};
		FA8E8CEA25C39434005A1BB5 /* Note */ = {
			isa = PBXGroup;
			children = (
				FA8E8CEB25C39473005A1BB5 /* NotesTableViewController.swift */,
			);
			path = Note;
			sourceTree = "<group>";
		};
		FA8E8D4625C8174A005A1BB5 /* Reporting */ = {
			isa = PBXGroup;
			children = (
				FA8E8D4725C81773005A1BB5 /* ReportTableViewController.swift */,
				FA8E8D4F25C89C32005A1BB5 /* FieldTableViewCell.swift */,
				FA8E8D5025C89C32005A1BB5 /* FieldTableViewCell.xib */,
			);
			path = Reporting;
			sourceTree = "<group>";
		};
		FAC1087925B71D7F000AA2C0 = {
			isa = PBXGroup;
			children = (
				FAC1088425B71D7F000AA2C0 /* LifeGuard */,
				FAC1089B25B71D86000AA2C0 /* LifeGuardTests */,
				FAC108A625B71D86000AA2C0 /* LifeGuardUITests */,
				FAC1088325B71D7F000AA2C0 /* Products */,
				FA48671425BB2FCF0028804E /* Frameworks */,
				348E448161CF1B71ECC8CE3C /* Pods */,
			);
			sourceTree = "<group>";
		};
		FAC1088325B71D7F000AA2C0 /* Products */ = {
			isa = PBXGroup;
			children = (
				FAC1088225B71D7F000AA2C0 /* LifeGuard.app */,
				FAC1089825B71D86000AA2C0 /* LifeGuardTests.xctest */,
				FAC108A325B71D86000AA2C0 /* LifeGuardUITests.xctest */,
			);
			name = Products;
			sourceTree = "<group>";
		};
		FAC1088425B71D7F000AA2C0 /* LifeGuard */ = {
			isa = PBXGroup;
			children = (
				FA68098425D218F30024E38B /* ObjectForm */,
				FA68097D25D218450024E38B /* x */,
				FAE8B94525CC388A009A4737 /* Incident Report */,
				FA8E8D4625C8174A005A1BB5 /* Reporting */,
				FAC1088525B71D7F000AA2C0 /* AppDelegate.swift */,
				FAC1088725B71D7F000AA2C0 /* SceneDelegate.swift */,
				FA4866C425BAE5770028804E /* Data Model */,
				FA8E8CDC25C38A06005A1BB5 /* Incidents */,
				FA8E8CEA25C39434005A1BB5 /* Note */,
				FA4866AB25BA2D3A0028804E /* Logbook */,
				FA48669225B784500028804E /* Weather */,
				FA48672525BC880B0028804E /* Views */,
				FAC1088E25B71D85000AA2C0 /* Assets.xcassets */,
				FAC1089325B71D85000AA2C0 /* Info.plist */,
			);
			path = LifeGuard;
			sourceTree = "<group>";
		};
		FAC1089B25B71D86000AA2C0 /* LifeGuardTests */ = {
			isa = PBXGroup;
			children = (
				FAC1089C25B71D86000AA2C0 /* LifeGuardTests.swift */,
				FAC1089E25B71D86000AA2C0 /* Info.plist */,
			);
			path = LifeGuardTests;
			sourceTree = "<group>";
		};
		FAC108A625B71D86000AA2C0 /* LifeGuardUITests */ = {
			isa = PBXGroup;
			children = (
				FAC108A725B71D86000AA2C0 /* LifeGuardUITests.swift */,
				FAC108A925B71D86000AA2C0 /* Info.plist */,
			);
			path = LifeGuardUITests;
			sourceTree = "<group>";
		};
		FAE8B94525CC388A009A4737 /* Incident Report */ = {
			isa = PBXGroup;
			children = (
				FAE8B95625CC3964009A4737 /* CategoryReportTableViewController.swift */,
				FA6809A325D21D0B0024E38B /* ViewController.swift */,
				FA6809A625D21D0C0024E38B /* Accident.swift */,
				FA6809A725D21D0D0024E38B /* AccidentData.swift */,
				FA6809A125D21D0A0024E38B /* FromAccidentVC.swift */,
				FA6809A525D21D0C0024E38B /* LifeGuard.swift */,
				FA6809A925D21D0E0024E38B /* LifeGuardData.swift */,
				FA6809D025D2751D0024E38B /* FromLifeGuardVC.swift */,
				FA6809A425D21D0B0024E38B /* Rescued.swift */,
				FA6809A025D21D090024E38B /* RescuedData.swift */,
				FA6809A225D21D0A0024E38B /* FromRescuedVC.swift */,
			);
			path = "Incident Report";
			sourceTree = "<group>";
		};
/* End PBXGroup section */

/* Begin PBXNativeTarget section */
		FAC1088125B71D7F000AA2C0 /* LifeGuard */ = {
			isa = PBXNativeTarget;
			buildConfigurationList = FAC108AC25B71D86000AA2C0 /* Build configuration list for PBXNativeTarget "LifeGuard" */;
			buildPhases = (
				44EF1D97AE71FE46F152A1C6 /* [CP] Check Pods Manifest.lock */,
				FAC1087E25B71D7F000AA2C0 /* Sources */,
				FAC1087F25B71D7F000AA2C0 /* Frameworks */,
				FAC1088025B71D7F000AA2C0 /* Resources */,
				5803675875FB5343B283F0F5 /* [CP] Embed Pods Frameworks */,
			);
			buildRules = (
			);
			dependencies = (
			);
			name = LifeGuard;
			packageProductDependencies = (
				FAE8B94025CB6834009A4737 /* IQKeyboardManagerSwift */,
				FA68097F25D218DD0024E38B /* ObjectForm */,
			);
			productName = LifeGuard;
			productReference = FAC1088225B71D7F000AA2C0 /* LifeGuard.app */;
			productType = "com.apple.product-type.application";
		};
		FAC1089725B71D86000AA2C0 /* LifeGuardTests */ = {
			isa = PBXNativeTarget;
			buildConfigurationList = FAC108AF25B71D86000AA2C0 /* Build configuration list for PBXNativeTarget "LifeGuardTests" */;
			buildPhases = (
				FAC1089425B71D86000AA2C0 /* Sources */,
				FAC1089525B71D86000AA2C0 /* Frameworks */,
				FAC1089625B71D86000AA2C0 /* Resources */,
			);
			buildRules = (
			);
			dependencies = (
				FAC1089A25B71D86000AA2C0 /* PBXTargetDependency */,
			);
			name = LifeGuardTests;
			productName = LifeGuardTests;
			productReference = FAC1089825B71D86000AA2C0 /* LifeGuardTests.xctest */;
			productType = "com.apple.product-type.bundle.unit-test";
		};
		FAC108A225B71D86000AA2C0 /* LifeGuardUITests */ = {
			isa = PBXNativeTarget;
			buildConfigurationList = FAC108B225B71D86000AA2C0 /* Build configuration list for PBXNativeTarget "LifeGuardUITests" */;
			buildPhases = (
				FAC1089F25B71D86000AA2C0 /* Sources */,
				FAC108A025B71D86000AA2C0 /* Frameworks */,
				FAC108A125B71D86000AA2C0 /* Resources */,
			);
			buildRules = (
			);
			dependencies = (
				FAC108A525B71D86000AA2C0 /* PBXTargetDependency */,
			);
			name = LifeGuardUITests;
			productName = LifeGuardUITests;
			productReference = FAC108A325B71D86000AA2C0 /* LifeGuardUITests.xctest */;
			productType = "com.apple.product-type.bundle.ui-testing";
		};
/* End PBXNativeTarget section */

/* Begin PBXProject section */
		FAC1087A25B71D7F000AA2C0 /* Project object */ = {
			isa = PBXProject;
			attributes = {
				LastSwiftUpdateCheck = 1230;
				LastUpgradeCheck = 1230;
				TargetAttributes = {
					FAC1088125B71D7F000AA2C0 = {
						CreatedOnToolsVersion = 12.3;
					};
					FAC1089725B71D86000AA2C0 = {
						CreatedOnToolsVersion = 12.3;
						TestTargetID = FAC1088125B71D7F000AA2C0;
					};
					FAC108A225B71D86000AA2C0 = {
						CreatedOnToolsVersion = 12.3;
						TestTargetID = FAC1088125B71D7F000AA2C0;
					};
				};
			};
			buildConfigurationList = FAC1087D25B71D7F000AA2C0 /* Build configuration list for PBXProject "LifeGuard" */;
			compatibilityVersion = "Xcode 9.3";
			developmentRegion = en;
			hasScannedForEncodings = 0;
			knownRegions = (
				en,
				Base,
			);
			mainGroup = FAC1087925B71D7F000AA2C0;
			packageReferences = (
				FA4866BC25BAE2360028804E /* XCRemoteSwiftPackageReference "realm-cocoa" */,
				FAE8B93F25CB6834009A4737 /* XCRemoteSwiftPackageReference "IQKeyboardManager" */,
				FA68097E25D218DD0024E38B /* XCRemoteSwiftPackageReference "ObjectForm" */,
			);
			productRefGroup = FAC1088325B71D7F000AA2C0 /* Products */;
			projectDirPath = "";
			projectRoot = "";
			targets = (
				FAC1088125B71D7F000AA2C0 /* LifeGuard */,
				FAC1089725B71D86000AA2C0 /* LifeGuardTests */,
				FAC108A225B71D86000AA2C0 /* LifeGuardUITests */,
			);
		};
/* End PBXProject section */

/* Begin PBXResourcesBuildPhase section */
		FAC1088025B71D7F000AA2C0 /* Resources */ = {
			isa = PBXResourcesBuildPhase;
			buildActionMask = 2147483647;
			files = (
				FAC1089225B71D85000AA2C0 /* LaunchScreen.storyboard in Resources */,
				FAC1088F25B71D85000AA2C0 /* Assets.xcassets in Resources */,
				FA8E8D5225C89C33005A1BB5 /* FieldTableViewCell.xib in Resources */,
				FA68098525D218F30024E38B /* ObjectForm in Resources */,
				FAC1088D25B71D7F000AA2C0 /* Main.storyboard in Resources */,
			);
			runOnlyForDeploymentPostprocessing = 0;
		};
		FAC1089625B71D86000AA2C0 /* Resources */ = {
			isa = PBXResourcesBuildPhase;
			buildActionMask = 2147483647;
			files = (
			);
			runOnlyForDeploymentPostprocessing = 0;
		};
		FAC108A125B71D86000AA2C0 /* Resources */ = {
			isa = PBXResourcesBuildPhase;
			buildActionMask = 2147483647;
			files = (
			);
			runOnlyForDeploymentPostprocessing = 0;
		};
/* End PBXResourcesBuildPhase section */

/* Begin PBXShellScriptBuildPhase section */
		44EF1D97AE71FE46F152A1C6 /* [CP] Check Pods Manifest.lock */ = {
			isa = PBXShellScriptBuildPhase;
			buildActionMask = 2147483647;
			files = (
			);
			inputFileListPaths = (
			);
			inputPaths = (
				"${PODS_PODFILE_DIR_PATH}/Podfile.lock",
				"${PODS_ROOT}/Manifest.lock",
			);
			name = "[CP] Check Pods Manifest.lock";
			outputFileListPaths = (
			);
			outputPaths = (
				"$(DERIVED_FILE_DIR)/Pods-LifeGuard-checkManifestLockResult.txt",
			);
			runOnlyForDeploymentPostprocessing = 0;
			shellPath = /bin/sh;
			shellScript = "diff \"${PODS_PODFILE_DIR_PATH}/Podfile.lock\" \"${PODS_ROOT}/Manifest.lock\" > /dev/null\nif [ $? != 0 ] ; then\n    # print error to STDERR\n    echo \"error: The sandbox is not in sync with the Podfile.lock. Run 'pod install' or update your CocoaPods installation.\" >&2\n    exit 1\nfi\n# This output is used by Xcode 'outputs' to avoid re-running this script phase.\necho \"SUCCESS\" > \"${SCRIPT_OUTPUT_FILE_0}\"\n";
			showEnvVarsInLog = 0;
		};
		5803675875FB5343B283F0F5 /* [CP] Embed Pods Frameworks */ = {
			isa = PBXShellScriptBuildPhase;
			buildActionMask = 2147483647;
			files = (
			);
			inputFileListPaths = (
				"${PODS_ROOT}/Target Support Files/Pods-LifeGuard/Pods-LifeGuard-frameworks-${CONFIGURATION}-input-files.xcfilelist",
			);
			name = "[CP] Embed Pods Frameworks";
			outputFileListPaths = (
				"${PODS_ROOT}/Target Support Files/Pods-LifeGuard/Pods-LifeGuard-frameworks-${CONFIGURATION}-output-files.xcfilelist",
			);
			runOnlyForDeploymentPostprocessing = 0;
			shellPath = /bin/sh;
			shellScript = "\"${PODS_ROOT}/Target Support Files/Pods-LifeGuard/Pods-LifeGuard-frameworks.sh\"\n";
			showEnvVarsInLog = 0;
		};
/* End PBXShellScriptBuildPhase section */

/* Begin PBXSourcesBuildPhase section */
		FAC1087E25B71D7F000AA2C0 /* Sources */ = {
			isa = PBXSourcesBuildPhase;
			buildActionMask = 2147483647;
			files = (
				FAE8B95725CC3964009A4737 /* CategoryReportTableViewController.swift in Sources */,
				FAE8B96125CC39BF009A4737 /* ChoiceTableViewController.swift in Sources */,
				FA4866CB25BAE5E00028804E /* ItemLogbook.swift in Sources */,
				FA6809B225D21D0E0024E38B /* LifeGuard.swift in Sources */,
				FA8E8CDE25C38A2F005A1BB5 /* IncidentsTableViewController.swift in Sources */,
				FAE8B95C25CC398F009A4737 /* AddIncidentReportTableViewController.swift in Sources */,
				FA4866DF25BB20C50028804E /* CategoryLogbookTableViewController.swift in Sources */,
				FA8E8D4825C81773005A1BB5 /* ReportTableViewController.swift in Sources */,
				FA6809AE25D21D0E0024E38B /* FromAccidentVC.swift in Sources */,
				FA8E8CFC25C61F97005A1BB5 /* AddIncident.swift in Sources */,
				FA6809B325D21D0E0024E38B /* LifeGuardData.swift in Sources */,
				FA6809AF25D21D0E0024E38B /* AccidentData.swift in Sources */,
				FA48669725B785020028804E /* Weather.swift in Sources */,
				FA680A0725D321FF0024E38B /* AddIncidentTableViewController.swift in Sources */,
				FA6809AB25D21D0E0024E38B /* ViewController.swift in Sources */,
				FA48672125BC70900028804E /* ItemsTableViewController.swift in Sources */,
				FA48669C25B79A0E0028804E /* WeatherData.swift in Sources */,
				FA6809B125D21D0E0024E38B /* Rescued.swift in Sources */,
				FA6809AA25D21D0E0024E38B /* RescuedData.swift in Sources */,
				FA8E8D5125C89C33005A1BB5 /* FieldTableViewCell.swift in Sources */,
				FA4866B325BA4C910028804E /* AddItemViewController.swift in Sources */,
				FAC1088A25B71D7F000AA2C0 /* WeatherViewController.swift in Sources */,
				FA8E8CE625C38DD4005A1BB5 /* AddIncidentViewController.swift in Sources */,
				FA6809B025D21D0E0024E38B /* Accident.swift in Sources */,
				FAC1088625B71D7F000AA2C0 /* AppDelegate.swift in Sources */,
				FA8E8CF425C39964005A1BB5 /* AddNote.swift in Sources */,
				FA4866A125B7A7360028804E /* WeatherModel.swift in Sources */,
				FA6809AC25D21D0E0024E38B /* FromRescuedVC.swift in Sources */,
				FA4866C625BAE5D10028804E /* CategoryLogbook.swift in Sources */,
				FA6809D125D2751D0024E38B /* FromLifeGuardVC.swift in Sources */,
				FAC1088825B71D7F000AA2C0 /* SceneDelegate.swift in Sources */,
				FA8E8CEC25C39473005A1BB5 /* NotesTableViewController.swift in Sources */,
			);
			runOnlyForDeploymentPostprocessing = 0;
		};
		FAC1089425B71D86000AA2C0 /* Sources */ = {
			isa = PBXSourcesBuildPhase;
			buildActionMask = 2147483647;
			files = (
				FAC1089D25B71D86000AA2C0 /* LifeGuardTests.swift in Sources */,
			);
			runOnlyForDeploymentPostprocessing = 0;
		};
		FAC1089F25B71D86000AA2C0 /* Sources */ = {
			isa = PBXSourcesBuildPhase;
			buildActionMask = 2147483647;
			files = (
				FAC108A825B71D86000AA2C0 /* LifeGuardUITests.swift in Sources */,
			);
			runOnlyForDeploymentPostprocessing = 0;
		};
/* End PBXSourcesBuildPhase section */

/* Begin PBXTargetDependency section */
		FAC1089A25B71D86000AA2C0 /* PBXTargetDependency */ = {
			isa = PBXTargetDependency;
			target = FAC1088125B71D7F000AA2C0 /* LifeGuard */;
			targetProxy = FAC1089925B71D86000AA2C0 /* PBXContainerItemProxy */;
		};
		FAC108A525B71D86000AA2C0 /* PBXTargetDependency */ = {
			isa = PBXTargetDependency;
			target = FAC1088125B71D7F000AA2C0 /* LifeGuard */;
			targetProxy = FAC108A425B71D86000AA2C0 /* PBXContainerItemProxy */;
		};
/* End PBXTargetDependency section */

/* Begin PBXVariantGroup section */
		FAC1088B25B71D7F000AA2C0 /* Main.storyboard */ = {
			isa = PBXVariantGroup;
			children = (
				FAC1088C25B71D7F000AA2C0 /* Base */,
			);
			name = Main.storyboard;
			sourceTree = "<group>";
		};
		FAC1089025B71D85000AA2C0 /* LaunchScreen.storyboard */ = {
			isa = PBXVariantGroup;
			children = (
				FAC1089125B71D85000AA2C0 /* Base */,
			);
			name = LaunchScreen.storyboard;
			sourceTree = "<group>";
		};
/* End PBXVariantGroup section */

/* Begin XCBuildConfiguration section */
		FAC108AA25B71D86000AA2C0 /* Debug */ = {
			isa = XCBuildConfiguration;
			buildSettings = {
				ALWAYS_SEARCH_USER_PATHS = NO;
				CLANG_ANALYZER_NONNULL = YES;
				CLANG_ANALYZER_NUMBER_OBJECT_CONVERSION = YES_AGGRESSIVE;
				CLANG_CXX_LANGUAGE_STANDARD = "gnu++14";
				CLANG_CXX_LIBRARY = "libc++";
				CLANG_ENABLE_MODULES = YES;
				CLANG_ENABLE_OBJC_ARC = YES;
				CLANG_ENABLE_OBJC_WEAK = YES;
				CLANG_WARN_BLOCK_CAPTURE_AUTORELEASING = YES;
				CLANG_WARN_BOOL_CONVERSION = YES;
				CLANG_WARN_COMMA = YES;
				CLANG_WARN_CONSTANT_CONVERSION = YES;
				CLANG_WARN_DEPRECATED_OBJC_IMPLEMENTATIONS = YES;
				CLANG_WARN_DIRECT_OBJC_ISA_USAGE = YES_ERROR;
				CLANG_WARN_DOCUMENTATION_COMMENTS = YES;
				CLANG_WARN_EMPTY_BODY = YES;
				CLANG_WARN_ENUM_CONVERSION = YES;
				CLANG_WARN_INFINITE_RECURSION = YES;
				CLANG_WARN_INT_CONVERSION = YES;
				CLANG_WARN_NON_LITERAL_NULL_CONVERSION = YES;
				CLANG_WARN_OBJC_IMPLICIT_RETAIN_SELF = YES;
				CLANG_WARN_OBJC_LITERAL_CONVERSION = YES;
				CLANG_WARN_OBJC_ROOT_CLASS = YES_ERROR;
				CLANG_WARN_QUOTED_INCLUDE_IN_FRAMEWORK_HEADER = YES;
				CLANG_WARN_RANGE_LOOP_ANALYSIS = YES;
				CLANG_WARN_STRICT_PROTOTYPES = YES;
				CLANG_WARN_SUSPICIOUS_MOVE = YES;
				CLANG_WARN_UNGUARDED_AVAILABILITY = YES_AGGRESSIVE;
				CLANG_WARN_UNREACHABLE_CODE = YES;
				CLANG_WARN__DUPLICATE_METHOD_MATCH = YES;
				COPY_PHASE_STRIP = NO;
				DEBUG_INFORMATION_FORMAT = dwarf;
				ENABLE_STRICT_OBJC_MSGSEND = YES;
				ENABLE_TESTABILITY = YES;
				GCC_C_LANGUAGE_STANDARD = gnu11;
				GCC_DYNAMIC_NO_PIC = NO;
				GCC_NO_COMMON_BLOCKS = YES;
				GCC_OPTIMIZATION_LEVEL = 0;
				GCC_PREPROCESSOR_DEFINITIONS = (
					"DEBUG=1",
					"$(inherited)",
				);
				GCC_WARN_64_TO_32_BIT_CONVERSION = YES;
				GCC_WARN_ABOUT_RETURN_TYPE = YES_ERROR;
				GCC_WARN_UNDECLARED_SELECTOR = YES;
				GCC_WARN_UNINITIALIZED_AUTOS = YES_AGGRESSIVE;
				GCC_WARN_UNUSED_FUNCTION = YES;
				GCC_WARN_UNUSED_VARIABLE = YES;
				IPHONEOS_DEPLOYMENT_TARGET = 14.3;
				MTL_ENABLE_DEBUG_INFO = INCLUDE_SOURCE;
				MTL_FAST_MATH = YES;
				ONLY_ACTIVE_ARCH = YES;
				SDKROOT = iphoneos;
				SWIFT_ACTIVE_COMPILATION_CONDITIONS = DEBUG;
				SWIFT_OPTIMIZATION_LEVEL = "-Onone";
			};
			name = Debug;
		};
		FAC108AB25B71D86000AA2C0 /* Release */ = {
			isa = XCBuildConfiguration;
			buildSettings = {
				ALWAYS_SEARCH_USER_PATHS = NO;
				CLANG_ANALYZER_NONNULL = YES;
				CLANG_ANALYZER_NUMBER_OBJECT_CONVERSION = YES_AGGRESSIVE;
				CLANG_CXX_LANGUAGE_STANDARD = "gnu++14";
				CLANG_CXX_LIBRARY = "libc++";
				CLANG_ENABLE_MODULES = YES;
				CLANG_ENABLE_OBJC_ARC = YES;
				CLANG_ENABLE_OBJC_WEAK = YES;
				CLANG_WARN_BLOCK_CAPTURE_AUTORELEASING = YES;
				CLANG_WARN_BOOL_CONVERSION = YES;
				CLANG_WARN_COMMA = YES;
				CLANG_WARN_CONSTANT_CONVERSION = YES;
				CLANG_WARN_DEPRECATED_OBJC_IMPLEMENTATIONS = YES;
				CLANG_WARN_DIRECT_OBJC_ISA_USAGE = YES_ERROR;
				CLANG_WARN_DOCUMENTATION_COMMENTS = YES;
				CLANG_WARN_EMPTY_BODY = YES;
				CLANG_WARN_ENUM_CONVERSION = YES;
				CLANG_WARN_INFINITE_RECURSION = YES;
				CLANG_WARN_INT_CONVERSION = YES;
				CLANG_WARN_NON_LITERAL_NULL_CONVERSION = YES;
				CLANG_WARN_OBJC_IMPLICIT_RETAIN_SELF = YES;
				CLANG_WARN_OBJC_LITERAL_CONVERSION = YES;
				CLANG_WARN_OBJC_ROOT_CLASS = YES_ERROR;
				CLANG_WARN_QUOTED_INCLUDE_IN_FRAMEWORK_HEADER = YES;
				CLANG_WARN_RANGE_LOOP_ANALYSIS = YES;
				CLANG_WARN_STRICT_PROTOTYPES = YES;
				CLANG_WARN_SUSPICIOUS_MOVE = YES;
				CLANG_WARN_UNGUARDED_AVAILABILITY = YES_AGGRESSIVE;
				CLANG_WARN_UNREACHABLE_CODE = YES;
				CLANG_WARN__DUPLICATE_METHOD_MATCH = YES;
				COPY_PHASE_STRIP = NO;
				DEBUG_INFORMATION_FORMAT = "dwarf-with-dsym";
				ENABLE_NS_ASSERTIONS = NO;
				ENABLE_STRICT_OBJC_MSGSEND = YES;
				GCC_C_LANGUAGE_STANDARD = gnu11;
				GCC_NO_COMMON_BLOCKS = YES;
				GCC_WARN_64_TO_32_BIT_CONVERSION = YES;
				GCC_WARN_ABOUT_RETURN_TYPE = YES_ERROR;
				GCC_WARN_UNDECLARED_SELECTOR = YES;
				GCC_WARN_UNINITIALIZED_AUTOS = YES_AGGRESSIVE;
				GCC_WARN_UNUSED_FUNCTION = YES;
				GCC_WARN_UNUSED_VARIABLE = YES;
				IPHONEOS_DEPLOYMENT_TARGET = 14.3;
				MTL_ENABLE_DEBUG_INFO = NO;
				MTL_FAST_MATH = YES;
				SDKROOT = iphoneos;
				SWIFT_COMPILATION_MODE = wholemodule;
				SWIFT_OPTIMIZATION_LEVEL = "-O";
				VALIDATE_PRODUCT = YES;
			};
			name = Release;
		};
		FAC108AD25B71D86000AA2C0 /* Debug */ = {
			isa = XCBuildConfiguration;
			baseConfigurationReference = 2811A3F7D5D95978158F3621 /* Pods-LifeGuard.debug.xcconfig */;
			buildSettings = {
				ASSETCATALOG_COMPILER_APPICON_NAME = AppIcon;
				ASSETCATALOG_COMPILER_GLOBAL_ACCENT_COLOR_NAME = AccentColor;
				CODE_SIGN_STYLE = Automatic;
				DEVELOPMENT_TEAM = RJU3N2UMVU;
				INFOPLIST_FILE = LifeGuard/Info.plist;
				LD_RUNPATH_SEARCH_PATHS = (
					"$(inherited)",
					"@executable_path/Frameworks",
				);
				PRODUCT_BUNDLE_IDENTIFIER = com.atlal.LifeGuard;
				PRODUCT_NAME = "$(TARGET_NAME)";
				SWIFT_VERSION = 5.0;
				TARGETED_DEVICE_FAMILY = "1,2";
			};
			name = Debug;
		};
		FAC108AE25B71D86000AA2C0 /* Release */ = {
			isa = XCBuildConfiguration;
			baseConfigurationReference = 1A1626A8E966BCD2388ACEE9 /* Pods-LifeGuard.release.xcconfig */;
			buildSettings = {
				ASSETCATALOG_COMPILER_APPICON_NAME = AppIcon;
				ASSETCATALOG_COMPILER_GLOBAL_ACCENT_COLOR_NAME = AccentColor;
				CODE_SIGN_STYLE = Automatic;
				DEVELOPMENT_TEAM = RJU3N2UMVU;
				INFOPLIST_FILE = LifeGuard/Info.plist;
				LD_RUNPATH_SEARCH_PATHS = (
					"$(inherited)",
					"@executable_path/Frameworks",
				);
				PRODUCT_BUNDLE_IDENTIFIER = com.atlal.LifeGuard;
				PRODUCT_NAME = "$(TARGET_NAME)";
				SWIFT_VERSION = 5.0;
				TARGETED_DEVICE_FAMILY = "1,2";
			};
			name = Release;
		};
		FAC108B025B71D86000AA2C0 /* Debug */ = {
			isa = XCBuildConfiguration;
			buildSettings = {
				ALWAYS_EMBED_SWIFT_STANDARD_LIBRARIES = YES;
				BUNDLE_LOADER = "$(TEST_HOST)";
				CODE_SIGN_STYLE = Automatic;
				INFOPLIST_FILE = LifeGuardTests/Info.plist;
				IPHONEOS_DEPLOYMENT_TARGET = 14.3;
				LD_RUNPATH_SEARCH_PATHS = (
					"$(inherited)",
					"@executable_path/Frameworks",
					"@loader_path/Frameworks",
				);
				PRODUCT_BUNDLE_IDENTIFIER = com.atlal.LifeGuardTests;
				PRODUCT_NAME = "$(TARGET_NAME)";
				SWIFT_VERSION = 5.0;
				TARGETED_DEVICE_FAMILY = "1,2";
				TEST_HOST = "$(BUILT_PRODUCTS_DIR)/LifeGuard.app/LifeGuard";
			};
			name = Debug;
		};
		FAC108B125B71D86000AA2C0 /* Release */ = {
			isa = XCBuildConfiguration;
			buildSettings = {
				ALWAYS_EMBED_SWIFT_STANDARD_LIBRARIES = YES;
				BUNDLE_LOADER = "$(TEST_HOST)";
				CODE_SIGN_STYLE = Automatic;
				INFOPLIST_FILE = LifeGuardTests/Info.plist;
				IPHONEOS_DEPLOYMENT_TARGET = 14.3;
				LD_RUNPATH_SEARCH_PATHS = (
					"$(inherited)",
					"@executable_path/Frameworks",
					"@loader_path/Frameworks",
				);
				PRODUCT_BUNDLE_IDENTIFIER = com.atlal.LifeGuardTests;
				PRODUCT_NAME = "$(TARGET_NAME)";
				SWIFT_VERSION = 5.0;
				TARGETED_DEVICE_FAMILY = "1,2";
				TEST_HOST = "$(BUILT_PRODUCTS_DIR)/LifeGuard.app/LifeGuard";
			};
			name = Release;
		};
		FAC108B325B71D86000AA2C0 /* Debug */ = {
			isa = XCBuildConfiguration;
			buildSettings = {
				ALWAYS_EMBED_SWIFT_STANDARD_LIBRARIES = YES;
				CODE_SIGN_STYLE = Automatic;
				INFOPLIST_FILE = LifeGuardUITests/Info.plist;
				LD_RUNPATH_SEARCH_PATHS = (
					"$(inherited)",
					"@executable_path/Frameworks",
					"@loader_path/Frameworks",
				);
				PRODUCT_BUNDLE_IDENTIFIER = com.atlal.LifeGuardUITests;
				PRODUCT_NAME = "$(TARGET_NAME)";
				SWIFT_VERSION = 5.0;
				TARGETED_DEVICE_FAMILY = "1,2";
				TEST_TARGET_NAME = LifeGuard;
			};
			name = Debug;
		};
		FAC108B425B71D86000AA2C0 /* Release */ = {
			isa = XCBuildConfiguration;
			buildSettings = {
				ALWAYS_EMBED_SWIFT_STANDARD_LIBRARIES = YES;
				CODE_SIGN_STYLE = Automatic;
				INFOPLIST_FILE = LifeGuardUITests/Info.plist;
				LD_RUNPATH_SEARCH_PATHS = (
					"$(inherited)",
					"@executable_path/Frameworks",
					"@loader_path/Frameworks",
				);
				PRODUCT_BUNDLE_IDENTIFIER = com.atlal.LifeGuardUITests;
				PRODUCT_NAME = "$(TARGET_NAME)";
				SWIFT_VERSION = 5.0;
				TARGETED_DEVICE_FAMILY = "1,2";
				TEST_TARGET_NAME = LifeGuard;
			};
			name = Release;
		};
/* End XCBuildConfiguration section */

/* Begin XCConfigurationList section */
		FAC1087D25B71D7F000AA2C0 /* Build configuration list for PBXProject "LifeGuard" */ = {
			isa = XCConfigurationList;
			buildConfigurations = (
				FAC108AA25B71D86000AA2C0 /* Debug */,
				FAC108AB25B71D86000AA2C0 /* Release */,
			);
			defaultConfigurationIsVisible = 0;
			defaultConfigurationName = Release;
		};
		FAC108AC25B71D86000AA2C0 /* Build configuration list for PBXNativeTarget "LifeGuard" */ = {
			isa = XCConfigurationList;
			buildConfigurations = (
				FAC108AD25B71D86000AA2C0 /* Debug */,
				FAC108AE25B71D86000AA2C0 /* Release */,
			);
			defaultConfigurationIsVisible = 0;
			defaultConfigurationName = Release;
		};
		FAC108AF25B71D86000AA2C0 /* Build configuration list for PBXNativeTarget "LifeGuardTests" */ = {
			isa = XCConfigurationList;
			buildConfigurations = (
				FAC108B025B71D86000AA2C0 /* Debug */,
				FAC108B125B71D86000AA2C0 /* Release */,
			);
			defaultConfigurationIsVisible = 0;
			defaultConfigurationName = Release;
		};
		FAC108B225B71D86000AA2C0 /* Build configuration list for PBXNativeTarget "LifeGuardUITests" */ = {
			isa = XCConfigurationList;
			buildConfigurations = (
				FAC108B325B71D86000AA2C0 /* Debug */,
				FAC108B425B71D86000AA2C0 /* Release */,
			);
			defaultConfigurationIsVisible = 0;
			defaultConfigurationName = Release;
		};
/* End XCConfigurationList section */

/* Begin XCRemoteSwiftPackageReference section */
		FA4866BC25BAE2360028804E /* XCRemoteSwiftPackageReference "realm-cocoa" */ = {
			isa = XCRemoteSwiftPackageReference;
			repositoryURL = "https://github.com/realm/realm-cocoa.git";
			requirement = {
				kind = upToNextMajorVersion;
				minimumVersion = 10.5.1;
			};
		};
		FA68097E25D218DD0024E38B /* XCRemoteSwiftPackageReference "ObjectForm" */ = {
			isa = XCRemoteSwiftPackageReference;
			repositoryURL = "https://github.com/haojianzong/ObjectForm";
			requirement = {
				kind = upToNextMajorVersion;
				minimumVersion = 0.5.2;
			};
		};
		FAE8B93F25CB6834009A4737 /* XCRemoteSwiftPackageReference "IQKeyboardManager" */ = {
			isa = XCRemoteSwiftPackageReference;
			repositoryURL = "https://github.com/hackiftekhar/IQKeyboardManager";
			requirement = {
				kind = upToNextMajorVersion;
				minimumVersion = 6.5.6;
			};
		};
/* End XCRemoteSwiftPackageReference section */

/* Begin XCSwiftPackageProductDependency section */
		FA68097F25D218DD0024E38B /* ObjectForm */ = {
			isa = XCSwiftPackageProductDependency;
			package = FA68097E25D218DD0024E38B /* XCRemoteSwiftPackageReference "ObjectForm" */;
			productName = ObjectForm;
		};
		FAE8B94025CB6834009A4737 /* IQKeyboardManagerSwift */ = {
			isa = XCSwiftPackageProductDependency;
			package = FAE8B93F25CB6834009A4737 /* XCRemoteSwiftPackageReference "IQKeyboardManager" */;
			productName = IQKeyboardManagerSwift;
		};
/* End XCSwiftPackageProductDependency section */
	};
	rootObject = FAC1087A25B71D7F000AA2C0 /* Project object */;
}
